// !$*UTF8*$!
{
	archiveVersion = 1;
	classes = {
	};
	objectVersion = 50;
	objects = {

/* Begin PBXBuildFile section */
		5ABF4C0926E862E9002BCC47 /* Common.framework in Frameworks */ = {isa = PBXBuildFile; fileRef = 5ABF4BFF26E862E9002BCC47 /* Common.framework */; };
		5ABF4C0E26E862E9002BCC47 /* CommonTests.swift in Sources */ = {isa = PBXBuildFile; fileRef = 5ABF4C0D26E862E9002BCC47 /* CommonTests.swift */; };
		5ABF4C1026E862E9002BCC47 /* Common.h in Headers */ = {isa = PBXBuildFile; fileRef = 5ABF4C0226E862E9002BCC47 /* Common.h */; settings = {ATTRIBUTES = (Public, ); }; };
		5ABF4C1C26E86439002BCC47 /* CommonClass.swift in Sources */ = {isa = PBXBuildFile; fileRef = 5ABF4C1B26E86439002BCC47 /* CommonClass.swift */; };
		BEFE6543090288003699DB8C /* Pods_Common.framework in Frameworks */ = {isa = PBXBuildFile; fileRef = A35E3E933C366EEDB7AF05DF /* Pods_Common.framework */; };
/* End PBXBuildFile section */

/* Begin PBXContainerItemProxy section */
		5ABF4C0A26E862E9002BCC47 /* PBXContainerItemProxy */ = {
			isa = PBXContainerItemProxy;
			containerPortal = 5ABF4BF626E862E9002BCC47 /* Project object */;
			proxyType = 1;
			remoteGlobalIDString = 5ABF4BFE26E862E9002BCC47;
			remoteInfo = Common;
		};
/* End PBXContainerItemProxy section */

/* Begin PBXFileReference section */
		5ABF4BFF26E862E9002BCC47 /* Common.framework */ = {isa = PBXFileReference; explicitFileType = wrapper.framework; includeInIndex = 0; path = Common.framework; sourceTree = BUILT_PRODUCTS_DIR; };
		5ABF4C0226E862E9002BCC47 /* Common.h */ = {isa = PBXFileReference; lastKnownFileType = sourcecode.c.h; path = Common.h; sourceTree = "<group>"; };
		5ABF4C0326E862E9002BCC47 /* Info.plist */ = {isa = PBXFileReference; lastKnownFileType = text.plist.xml; path = Info.plist; sourceTree = "<group>"; };
		5ABF4C0826E862E9002BCC47 /* CommonTests.xctest */ = {isa = PBXFileReference; explicitFileType = wrapper.cfbundle; includeInIndex = 0; path = CommonTests.xctest; sourceTree = BUILT_PRODUCTS_DIR; };
		5ABF4C0D26E862E9002BCC47 /* CommonTests.swift */ = {isa = PBXFileReference; lastKnownFileType = sourcecode.swift; path = CommonTests.swift; sourceTree = "<group>"; };
		5ABF4C0F26E862E9002BCC47 /* Info.plist */ = {isa = PBXFileReference; lastKnownFileType = text.plist.xml; path = Info.plist; sourceTree = "<group>"; };
		5ABF4C1B26E86439002BCC47 /* CommonClass.swift */ = {isa = PBXFileReference; lastKnownFileType = sourcecode.swift; path = CommonClass.swift; sourceTree = "<group>"; };
		9036D7ED7330D3C37FB79A87 /* Pods-Common.release.xcconfig */ = {isa = PBXFileReference; includeInIndex = 1; lastKnownFileType = text.xcconfig; name = "Pods-Common.release.xcconfig"; path = "Target Support Files/Pods-Common/Pods-Common.release.xcconfig"; sourceTree = "<group>"; };
		A35E3E933C366EEDB7AF05DF /* Pods_Common.framework */ = {isa = PBXFileReference; explicitFileType = wrapper.framework; includeInIndex = 0; path = Pods_Common.framework; sourceTree = BUILT_PRODUCTS_DIR; };
		FC3592DA8667B44398C53ED6 /* Pods-Common.debug.xcconfig */ = {isa = PBXFileReference; includeInIndex = 1; lastKnownFileType = text.xcconfig; name = "Pods-Common.debug.xcconfig"; path = "Target Support Files/Pods-Common/Pods-Common.debug.xcconfig"; sourceTree = "<group>"; };
/* End PBXFileReference section */

/* Begin PBXFrameworksBuildPhase section */
		5ABF4BFC26E862E9002BCC47 /* Frameworks */ = {
			isa = PBXFrameworksBuildPhase;
			buildActionMask = 2147483647;
			files = (
				BEFE6543090288003699DB8C /* Pods_Common.framework in Frameworks */,
			);
			runOnlyForDeploymentPostprocessing = 0;
		};
		5ABF4C0526E862E9002BCC47 /* Frameworks */ = {
			isa = PBXFrameworksBuildPhase;
			buildActionMask = 2147483647;
			files = (
				5ABF4C0926E862E9002BCC47 /* Common.framework in Frameworks */,
			);
			runOnlyForDeploymentPostprocessing = 0;
		};
/* End PBXFrameworksBuildPhase section */

/* Begin PBXGroup section */
		5ABF4BF526E862E9002BCC47 = {
			isa = PBXGroup;
			children = (
				5ABF4C0126E862E9002BCC47 /* Common */,
				5ABF4C0C26E862E9002BCC47 /* CommonTests */,
				5ABF4C0026E862E9002BCC47 /* Products */,
				FF1D54C9FC3214A467F6AB45 /* Pods */,
				A050DFCA2220BB62ED2D8440 /* Frameworks */,
			);
			sourceTree = "<group>";
		};
		5ABF4C0026E862E9002BCC47 /* Products */ = {
			isa = PBXGroup;
			children = (
				5ABF4BFF26E862E9002BCC47 /* Common.framework */,
				5ABF4C0826E862E9002BCC47 /* CommonTests.xctest */,
			);
			name = Products;
			sourceTree = "<group>";
		};
		5ABF4C0126E862E9002BCC47 /* Common */ = {
			isa = PBXGroup;
			children = (
				5ABF4C0226E862E9002BCC47 /* Common.h */,
				5ABF4C0326E862E9002BCC47 /* Info.plist */,
				5ABF4C1B26E86439002BCC47 /* CommonClass.swift */,
			);
			path = Common;
			sourceTree = "<group>";
		};
		5ABF4C0C26E862E9002BCC47 /* CommonTests */ = {
			isa = PBXGroup;
			children = (
				5ABF4C0D26E862E9002BCC47 /* CommonTests.swift */,
				5ABF4C0F26E862E9002BCC47 /* Info.plist */,
			);
			path = CommonTests;
			sourceTree = "<group>";
		};
		A050DFCA2220BB62ED2D8440 /* Frameworks */ = {
			isa = PBXGroup;
			children = (
				A35E3E933C366EEDB7AF05DF /* Pods_Common.framework */,
			);
			name = Frameworks;
			sourceTree = "<group>";
		};
		FF1D54C9FC3214A467F6AB45 /* Pods */ = {
			isa = PBXGroup;
			children = (
				FC3592DA8667B44398C53ED6 /* Pods-Common.debug.xcconfig */,
				9036D7ED7330D3C37FB79A87 /* Pods-Common.release.xcconfig */,
			);
			name = Pods;
			path = ../Pods;
			sourceTree = "<group>";
		};
/* End PBXGroup section */

/* Begin PBXHeadersBuildPhase section */
		5ABF4BFA26E862E9002BCC47 /* Headers */ = {
			isa = PBXHeadersBuildPhase;
			buildActionMask = 2147483647;
			files = (
				5ABF4C1026E862E9002BCC47 /* Common.h in Headers */,
			);
			runOnlyForDeploymentPostprocessing = 0;
		};
/* End PBXHeadersBuildPhase section */

/* Begin PBXNativeTarget section */
		5ABF4BFE26E862E9002BCC47 /* Common */ = {
			isa = PBXNativeTarget;
			buildConfigurationList = 5ABF4C1326E862E9002BCC47 /* Build configuration list for PBXNativeTarget "Common" */;
			buildPhases = (
				0A1635FDD29DA4B1F46E2DE9 /* [CP] Check Pods Manifest.lock */,
				5ABF4BFA26E862E9002BCC47 /* Headers */,
				5ABF4BFB26E862E9002BCC47 /* Sources */,
				5ABF4BFC26E862E9002BCC47 /* Frameworks */,
				5ABF4BFD26E862E9002BCC47 /* Resources */,
			);
			buildRules = (
			);
			dependencies = (
			);
			name = Common;
			productName = Common;
			productReference = 5ABF4BFF26E862E9002BCC47 /* Common.framework */;
			productType = "com.apple.product-type.framework";
		};
		5ABF4C0726E862E9002BCC47 /* CommonTests */ = {
			isa = PBXNativeTarget;
			buildConfigurationList = 5ABF4C1626E862E9002BCC47 /* Build configuration list for PBXNativeTarget "CommonTests" */;
			buildPhases = (
				5ABF4C0426E862E9002BCC47 /* Sources */,
				5ABF4C0526E862E9002BCC47 /* Frameworks */,
				5ABF4C0626E862E9002BCC47 /* Resources */,
			);
			buildRules = (
			);
			dependencies = (
				5ABF4C0B26E862E9002BCC47 /* PBXTargetDependency */,
			);
			name = CommonTests;
			productName = CommonTests;
			productReference = 5ABF4C0826E862E9002BCC47 /* CommonTests.xctest */;
			productType = "com.apple.product-type.bundle.unit-test";
		};
/* End PBXNativeTarget section */

/* Begin PBXProject section */
		5ABF4BF626E862E9002BCC47 /* Project object */ = {
			isa = PBXProject;
			attributes = {
				LastSwiftUpdateCheck = 1250;
				LastUpgradeCheck = 1250;
				TargetAttributes = {
					5ABF4BFE26E862E9002BCC47 = {
						CreatedOnToolsVersion = 12.5.1;
						LastSwiftMigration = 1250;
					};
					5ABF4C0726E862E9002BCC47 = {
						CreatedOnToolsVersion = 12.5.1;
					};
				};
			};
			buildConfigurationList = 5ABF4BF926E862E9002BCC47 /* Build configuration list for PBXProject "Common" */;
			compatibilityVersion = "Xcode 9.3";
			developmentRegion = en;
			hasScannedForEncodings = 0;
			knownRegions = (
				en,
				Base,
			);
			mainGroup = 5ABF4BF526E862E9002BCC47;
			productRefGroup = 5ABF4C0026E862E9002BCC47 /* Products */;
			projectDirPath = "";
			projectRoot = "";
			targets = (
				5ABF4BFE26E862E9002BCC47 /* Common */,
				5ABF4C0726E862E9002BCC47 /* CommonTests */,
			);
		};
/* End PBXProject section */

/* Begin PBXResourcesBuildPhase section */
		5ABF4BFD26E862E9002BCC47 /* Resources */ = {
			isa = PBXResourcesBuildPhase;
			buildActionMask = 2147483647;
			files = (
			);
			runOnlyForDeploymentPostprocessing = 0;
		};
		5ABF4C0626E862E9002BCC47 /* Resources */ = {
			isa = PBXResourcesBuildPhase;
			buildActionMask = 2147483647;
			files = (
			);
			runOnlyForDeploymentPostprocessing = 0;
		};
/* End PBXResourcesBuildPhase section */

/* Begin PBXShellScriptBuildPhase section */
		0A1635FDD29DA4B1F46E2DE9 /* [CP] Check Pods Manifest.lock */ = {
			isa = PBXShellScriptBuildPhase;
			buildActionMask = 2147483647;
			files = (
			);
			inputFileListPaths = (
			);
			inputPaths = (
				"${PODS_PODFILE_DIR_PATH}/Podfile.lock",
				"${PODS_ROOT}/Manifest.lock",
			);
			name = "[CP] Check Pods Manifest.lock";
			outputFileListPaths = (
			);
			outputPaths = (
				"$(DERIVED_FILE_DIR)/Pods-Common-checkManifestLockResult.txt",
			);
			runOnlyForDeploymentPostprocessing = 0;
			shellPath = /bin/sh;
			shellScript = "diff \"${PODS_PODFILE_DIR_PATH}/Podfile.lock\" \"${PODS_ROOT}/Manifest.lock\" > /dev/null\nif [ $? != 0 ] ; then\n    # print error to STDERR\n    echo \"error: The sandbox is not in sync with the Podfile.lock. Run 'pod install' or update your CocoaPods installation.\" >&2\n    exit 1\nfi\n# This output is used by Xcode 'outputs' to avoid re-running this script phase.\necho \"SUCCESS\" > \"${SCRIPT_OUTPUT_FILE_0}\"\n";
			showEnvVarsInLog = 0;
		};
/* End PBXShellScriptBuildPhase section */

/* Begin PBXSourcesBuildPhase section */
		5ABF4BFB26E862E9002BCC47 /* Sources */ = {
			isa = PBXSourcesBuildPhase;
			buildActionMask = 2147483647;
			files = (
				5ABF4C1C26E86439002BCC47 /* CommonClass.swift in Sources */,
			);
			runOnlyForDeploymentPostprocessing = 0;
		};
		5ABF4C0426E862E9002BCC47 /* Sources */ = {
			isa = PBXSourcesBuildPhase;
			buildActionMask = 2147483647;
			files = (
				5ABF4C0E26E862E9002BCC47 /* CommonTests.swift in Sources */,
			);
			runOnlyForDeploymentPostprocessing = 0;
		};
/* End PBXSourcesBuildPhase section */

/* Begin PBXTargetDependency section */
		5ABF4C0B26E862E9002BCC47 /* PBXTargetDependency */ = {
			isa = PBXTargetDependency;
			target = 5ABF4BFE26E862E9002BCC47 /* Common */;
			targetProxy = 5ABF4C0A26E862E9002BCC47 /* PBXContainerItemProxy */;
		};
/* End PBXTargetDependency section */

/* Begin XCBuildConfiguration section */
		5ABF4C1126E862E9002BCC47 /* Debug */ = {
			isa = XCBuildConfiguration;
			buildSettings = {
				ALWAYS_SEARCH_USER_PATHS = NO;
				CLANG_ANALYZER_NONNULL = YES;
				CLANG_ANALYZER_NUMBER_OBJECT_CONVERSION = YES_AGGRESSIVE;
				CLANG_CXX_LANGUAGE_STANDARD = "gnu++14";
				CLANG_CXX_LIBRARY = "libc++";
				CLANG_ENABLE_MODULES = YES;
				CLANG_ENABLE_OBJC_ARC = YES;
				CLANG_ENABLE_OBJC_WEAK = YES;
				CLANG_WARN_BLOCK_CAPTURE_AUTORELEASING = YES;
				CLANG_WARN_BOOL_CONVERSION = YES;
				CLANG_WARN_COMMA = YES;
				CLANG_WARN_CONSTANT_CONVERSION = YES;
				CLANG_WARN_DEPRECATED_OBJC_IMPLEMENTATIONS = YES;
				CLANG_WARN_DIRECT_OBJC_ISA_USAGE = YES_ERROR;
				CLANG_WARN_DOCUMENTATION_COMMENTS = YES;
				CLANG_WARN_EMPTY_BODY = YES;
				CLANG_WARN_ENUM_CONVERSION = YES;
				CLANG_WARN_INFINITE_RECURSION = YES;
				CLANG_WARN_INT_CONVERSION = YES;
				CLANG_WARN_NON_LITERAL_NULL_CONVERSION = YES;
				CLANG_WARN_OBJC_IMPLICIT_RETAIN_SELF = YES;
				CLANG_WARN_OBJC_LITERAL_CONVERSION = YES;
				CLANG_WARN_OBJC_ROOT_CLASS = YES_ERROR;
				CLANG_WARN_QUOTED_INCLUDE_IN_FRAMEWORK_HEADER = YES;
				CLANG_WARN_RANGE_LOOP_ANALYSIS = YES;
				CLANG_WARN_STRICT_PROTOTYPES = YES;
				CLANG_WARN_SUSPICIOUS_MOVE = YES;
				CLANG_WARN_UNGUARDED_AVAILABILITY = YES_AGGRESSIVE;
				CLANG_WARN_UNREACHABLE_CODE = YES;
				CLANG_WARN__DUPLICATE_METHOD_MATCH = YES;
				COPY_PHASE_STRIP = NO;
				CURRENT_PROJECT_VERSION = 1;
				DEBUG_INFORMATION_FORMAT = dwarf;
				ENABLE_STRICT_OBJC_MSGSEND = YES;
				ENABLE_TESTABILITY = YES;
				GCC_C_LANGUAGE_STANDARD = gnu11;
				GCC_DYNAMIC_NO_PIC = NO;
				GCC_NO_COMMON_BLOCKS = YES;
				GCC_OPTIMIZATION_LEVEL = 0;
				GCC_PREPROCESSOR_DEFINITIONS = (
					"DEBUG=1",
					"$(inherited)",
				);
				GCC_WARN_64_TO_32_BIT_CONVERSION = YES;
				GCC_WARN_ABOUT_RETURN_TYPE = YES_ERROR;
				GCC_WARN_UNDECLARED_SELECTOR = YES;
				GCC_WARN_UNINITIALIZED_AUTOS = YES_AGGRESSIVE;
				GCC_WARN_UNUSED_FUNCTION = YES;
				GCC_WARN_UNUSED_VARIABLE = YES;
				IPHONEOS_DEPLOYMENT_TARGET = 14.5;
				MTL_ENABLE_DEBUG_INFO = INCLUDE_SOURCE;
				MTL_FAST_MATH = YES;
				ONLY_ACTIVE_ARCH = YES;
				SDKROOT = iphoneos;
				SWIFT_ACTIVE_COMPILATION_CONDITIONS = DEBUG;
				SWIFT_OPTIMIZATION_LEVEL = "-Onone";
				VERSIONING_SYSTEM = "apple-generic";
				VERSION_INFO_PREFIX = "";
			};
			name = Debug;
		};
		5ABF4C1226E862E9002BCC47 /* Release */ = {
			isa = XCBuildConfiguration;
			buildSettings = {
				ALWAYS_SEARCH_USER_PATHS = NO;
				CLANG_ANALYZER_NONNULL = YES;
				CLANG_ANALYZER_NUMBER_OBJECT_CONVERSION = YES_AGGRESSIVE;
				CLANG_CXX_LANGUAGE_STANDARD = "gnu++14";
				CLANG_CXX_LIBRARY = "libc++";
				CLANG_ENABLE_MODULES = YES;
				CLANG_ENABLE_OBJC_ARC = YES;
				CLANG_ENABLE_OBJC_WEAK = YES;
				CLANG_WARN_BLOCK_CAPTURE_AUTORELEASING = YES;
				CLANG_WARN_BOOL_CONVERSION = YES;
				CLANG_WARN_COMMA = YES;
				CLANG_WARN_CONSTANT_CONVERSION = YES;
				CLANG_WARN_DEPRECATED_OBJC_IMPLEMENTATIONS = YES;
				CLANG_WARN_DIRECT_OBJC_ISA_USAGE = YES_ERROR;
				CLANG_WARN_DOCUMENTATION_COMMENTS = YES;
				CLANG_WARN_EMPTY_BODY = YES;
				CLANG_WARN_ENUM_CONVERSION = YES;
				CLANG_WARN_INFINITE_RECURSION = YES;
				CLANG_WARN_INT_CONVERSION = YES;
				CLANG_WARN_NON_LITERAL_NULL_CONVERSION = YES;
				CLANG_WARN_OBJC_IMPLICIT_RETAIN_SELF = YES;
				CLANG_WARN_OBJC_LITERAL_CONVERSION = YES;
				CLANG_WARN_OBJC_ROOT_CLASS = YES_ERROR;
				CLANG_WARN_QUOTED_INCLUDE_IN_FRAMEWORK_HEADER = YES;
				CLANG_WARN_RANGE_LOOP_ANALYSIS = YES;
				CLANG_WARN_STRICT_PROTOTYPES = YES;
				CLANG_WARN_SUSPICIOUS_MOVE = YES;
				CLANG_WARN_UNGUARDED_AVAILABILITY = YES_AGGRESSIVE;
				CLANG_WARN_UNREACHABLE_CODE = YES;
				CLANG_WARN__DUPLICATE_METHOD_MATCH = YES;
				COPY_PHASE_STRIP = NO;
				CURRENT_PROJECT_VERSION = 1;
				DEBUG_INFORMATION_FORMAT = "dwarf-with-dsym";
				ENABLE_NS_ASSERTIONS = NO;
				ENABLE_STRICT_OBJC_MSGSEND = YES;
				GCC_C_LANGUAGE_STANDARD = gnu11;
				GCC_NO_COMMON_BLOCKS = YES;
				GCC_WARN_64_TO_32_BIT_CONVERSION = YES;
				GCC_WARN_ABOUT_RETURN_TYPE = YES_ERROR;
				GCC_WARN_UNDECLARED_SELECTOR = YES;
				GCC_WARN_UNINITIALIZED_AUTOS = YES_AGGRESSIVE;
				GCC_WARN_UNUSED_FUNCTION = YES;
				GCC_WARN_UNUSED_VARIABLE = YES;
				IPHONEOS_DEPLOYMENT_TARGET = 14.5;
				MTL_ENABLE_DEBUG_INFO = NO;
				MTL_FAST_MATH = YES;
				SDKROOT = iphoneos;
				SWIFT_COMPILATION_MODE = wholemodule;
				SWIFT_OPTIMIZATION_LEVEL = "-O";
				VALIDATE_PRODUCT = YES;
				VERSIONING_SYSTEM = "apple-generic";
				VERSION_INFO_PREFIX = "";
			};
			name = Release;
		};
		5ABF4C1426E862E9002BCC47 /* Debug */ = {
			isa = XCBuildConfiguration;
			baseConfigurationReference = FC3592DA8667B44398C53ED6 /* Pods-Common.debug.xcconfig */;
			buildSettings = {
				CLANG_ENABLE_MODULES = YES;
				CODE_SIGN_STYLE = Automatic;
				DEFINES_MODULE = YES;
				DYLIB_COMPATIBILITY_VERSION = 1;
				DYLIB_CURRENT_VERSION = 1;
				DYLIB_INSTALL_NAME_BASE = "@rpath";
				INFOPLIST_FILE = Common/Info.plist;
				INSTALL_PATH = "$(LOCAL_LIBRARY_DIR)/Frameworks";
				LD_RUNPATH_SEARCH_PATHS = (
					"$(inherited)",
					"@executable_path/Frameworks",
					"@loader_path/Frameworks",
				);
				PRODUCT_BUNDLE_IDENTIFIER = com.tahongviet.Common;
				PRODUCT_NAME = "$(TARGET_NAME:c99extidentifier)";
				SKIP_INSTALL = YES;
				SWIFT_OPTIMIZATION_LEVEL = "-Onone";
				SWIFT_VERSION = 5.0;
				TARGETED_DEVICE_FAMILY = "1,2";
			};
			name = Debug;
		};
		5ABF4C1526E862E9002BCC47 /* Release */ = {
			isa = XCBuildConfiguration;
			baseConfigurationReference = 9036D7ED7330D3C37FB79A87 /* Pods-Common.release.xcconfig */;
			buildSettings = {
				CLANG_ENABLE_MODULES = YES;
				CODE_SIGN_STYLE = Automatic;
				DEFINES_MODULE = YES;
				DYLIB_COMPATIBILITY_VERSION = 1;
				DYLIB_CURRENT_VERSION = 1;
				DYLIB_INSTALL_NAME_BASE = "@rpath";
				INFOPLIST_FILE = Common/Info.plist;
				INSTALL_PATH = "$(LOCAL_LIBRARY_DIR)/Frameworks";
				LD_RUNPATH_SEARCH_PATHS = (
					"$(inherited)",
					"@executable_path/Frameworks",
					"@loader_path/Frameworks",
				);
				PRODUCT_BUNDLE_IDENTIFIER = com.tahongviet.Common;
				PRODUCT_NAME = "$(TARGET_NAME:c99extidentifier)";
				SKIP_INSTALL = YES;
				SWIFT_VERSION = 5.0;
				TARGETED_DEVICE_FAMILY = "1,2";
			};
			name = Release;
		};
		5ABF4C1726E862E9002BCC47 /* Debug */ = {
			isa = XCBuildConfiguration;
			buildSettings = {
				ALWAYS_EMBED_SWIFT_STANDARD_LIBRARIES = YES;
				CODE_SIGN_STYLE = Automatic;
				INFOPLIST_FILE = CommonTests/Info.plist;
				LD_RUNPATH_SEARCH_PATHS = (
					"$(inherited)",
					"@executable_path/Frameworks",
					"@loader_path/Frameworks",
				);
				PRODUCT_BUNDLE_IDENTIFIER = com.tahongviet.CommonTests;
				PRODUCT_NAME = "$(TARGET_NAME)";
				SWIFT_VERSION = 5.0;
				TARGETED_DEVICE_FAMILY = "1,2";
			};
			name = Debug;
		};
		5ABF4C1826E862E9002BCC47 /* Release */ = {
			isa = XCBuildConfiguration;
			buildSettings = {
				ALWAYS_EMBED_SWIFT_STANDARD_LIBRARIES = YES;
				CODE_SIGN_STYLE = Automatic;
				INFOPLIST_FILE = CommonTests/Info.plist;
				LD_RUNPATH_SEARCH_PATHS = (
					"$(inherited)",
					"@executable_path/Frameworks",
					"@loader_path/Frameworks",
				);
				PRODUCT_BUNDLE_IDENTIFIER = com.tahongviet.CommonTests;
				PRODUCT_NAME = "$(TARGET_NAME)";
				SWIFT_VERSION = 5.0;
				TARGETED_DEVICE_FAMILY = "1,2";
			};
			name = Release;
		};
/* End XCBuildConfiguration section */

/* Begin XCConfigurationList section */
		5ABF4BF926E862E9002BCC47 /* Build configuration list for PBXProject "Common" */ = {
			isa = XCConfigurationList;
			buildConfigurations = (
				5ABF4C1126E862E9002BCC47 /* Debug */,
				5ABF4C1226E862E9002BCC47 /* Release */,
			);
			defaultConfigurationIsVisible = 0;
			defaultConfigurationName = Release;
		};
		5ABF4C1326E862E9002BCC47 /* Build configuration list for PBXNativeTarget "Common" */ = {
			isa = XCConfigurationList;
			buildConfigurations = (
				5ABF4C1426E862E9002BCC47 /* Debug */,
				5ABF4C1526E862E9002BCC47 /* Release */,
			);
			defaultConfigurationIsVisible = 0;
			defaultConfigurationName = Release;
		};
		5ABF4C1626E862E9002BCC47 /* Build configuration list for PBXNativeTarget "CommonTests" */ = {
			isa = XCConfigurationList;
			buildConfigurations = (
				5ABF4C1726E862E9002BCC47 /* Debug */,
				5ABF4C1826E862E9002BCC47 /* Release */,
			);
			defaultConfigurationIsVisible = 0;
			defaultConfigurationName = Release;
		};
/* End XCConfigurationList section */
	};
	rootObject = 5ABF4BF626E862E9002BCC47 /* Project object */;
}
